
Microsoft Visual Studio Solution File, Format Version 12.00
# Visual Studio Version 17
VisualStudioVersion = 17.7.34024.191
MinimumVisualStudioVersion = 10.0.40219.1
Project("{9A19103F-16F7-4668-BE54-9A1E7A4F7556}") = "Teste_Operações", "Teste_Operações.csproj", "{B68F1EC0-B1E3-4C63-9638-5725CE57F660}"
EndProject
Project("{9A19103F-16F7-4668-BE54-9A1E7A4F7556}") = "TestMSTest", "..\TestMSTest\TestMSTest.csproj", "{C1EB25A4-F15C-44BC-9AB3-47D025AF5503}"
EndProject
Project("{FAE04EC0-301F-11D3-BF4B-00C04F79EFBC}") = "ElementoX", "..\ElementoX\ElementoX.csproj", "{76101E75-0151-462F-A060-38B85455956C}"
EndProject
Global
	GlobalSection(SolutionConfigurationPlatforms) = preSolution
		Debug|Any CPU = Debug|Any CPU
		Release|Any CPU = Release|Any CPU
	EndGlobalSection
	GlobalSection(ProjectConfigurationPlatforms) = postSolution
		{B68F1EC0-B1E3-4C63-9638-5725CE57F660}.Debug|Any CPU.ActiveCfg = Debug|Any CPU
		{B68F1EC0-B1E3-4C63-9638-5725CE57F660}.Debug|Any CPU.Build.0 = Debug|Any CPU
		{B68F1EC0-B1E3-4C63-9638-5725CE57F660}.Release|Any CPU.ActiveCfg = Release|Any CPU
		{B68F1EC0-B1E3-4C63-9638-5725CE57F660}.Release|Any CPU.Build.0 = Release|Any CPU
		{C1EB25A4-F15C-44BC-9AB3-47D025AF5503}.Debug|Any CPU.ActiveCfg = Debug|Any CPU
		{C1EB25A4-F15C-44BC-9AB3-47D025AF5503}.Debug|Any CPU.Build.0 = Debug|Any CPU
		{C1EB25A4-F15C-44BC-9AB3-47D025AF5503}.Release|Any CPU.ActiveCfg = Release|Any CPU
		{C1EB25A4-F15C-44BC-9AB3-47D025AF5503}.Release|Any CPU.Build.0 = Release|Any CPU
		{76101E75-0151-462F-A060-38B85455956C}.Debug|Any CPU.ActiveCfg = Debug|Any CPU
		{76101E75-0151-462F-A060-38B85455956C}.Debug|Any CPU.Build.0 = Debug|Any CPU
		{76101E75-0151-462F-A060-38B85455956C}.Release|Any CPU.ActiveCfg = Release|Any CPU
		{76101E75-0151-462F-A060-38B85455956C}.Release|Any CPU.Build.0 = Release|Any CPU
	EndGlobalSection
	GlobalSection(SolutionProperties) = preSolution
		HideSolutionNode = FALSE
	EndGlobalSection
	GlobalSection(ExtensibilityGlobals) = postSolution
		SolutionGuid = {1B39EC27-F05D-4485-82FA-C54B547BDD47}
	EndGlobalSection
EndGlobal
